
Microsoft Visual Studio Solution File, Format Version 12.00
# Visual Studio Version 16
VisualStudioVersion = 16.0.30413.136
MinimumVisualStudioVersion = 10.0.40219.1
Project("{FAE04EC0-301F-11D3-BF4B-00C04F79EFBC}") = "Стеки и очереди", "Стеки и очереди\Стеки и очереди.csproj", "{C1474BD4-647A-4BBF-A0F9-D8C736AD1D43}"
EndProject
Project("{FAE04EC0-301F-11D3-BF4B-00C04F79EFBC}") = "Очередь на связных списках (теория)", "Очередь на связных списках (теория)\Очередь на связных списках (теория).csproj", "{41AA3DE4-FA8F-42E6-B62E-E4FADAB620CC}"
EndProject
Project("{FAE04EC0-301F-11D3-BF4B-00C04F79EFBC}") = "Дженерик-классы", "Дженерик-классы\Дженерик-классы.csproj", "{B5C3C1F1-630A-44D2-8932-3C5C194D5158}"
EndProject
Project("{FAE04EC0-301F-11D3-BF4B-00C04F79EFBC}") = "Применение стеков", "Применение стеков\Применение стеков.csproj", "{2BBBDBBF-0FFF-4DCA-9201-DF3AC888A743}"
EndProject
Project("{FAE04EC0-301F-11D3-BF4B-00C04F79EFBC}") = "TestsFromCourse", "StackBracketsTest\TestsFromCourse.csproj", "{E57C2EAD-EC20-4F63-831A-CF5C67EF8A86}"
EndProject
Project("{FAE04EC0-301F-11D3-BF4B-00C04F79EFBC}") = "Применение очередей", "Применение очередей\Применение очередей.csproj", "{3F4A129C-5DD0-4213-8751-C75FFE492BC9}"
EndProject
Project("{FAE04EC0-301F-11D3-BF4B-00C04F79EFBC}") = "Дженерики и сортировка массивов", "Дженерики и сортировка массивов\Дженерики и сортировка массивов.csproj", "{FD1AF50D-D340-4B0E-8E03-68E7CDFB7AF2}"
EndProject
Project("{FAE04EC0-301F-11D3-BF4B-00C04F79EFBC}") = "Возврат из метода нескольких значений", "Возврат из метода нескольких значений\Возврат из метода нескольких значений.csproj", "{53D2D999-22F8-4362-AF3E-D9F0AA9505C6}"
EndProject
Project("{FAE04EC0-301F-11D3-BF4B-00C04F79EFBC}") = "LimitedSizeStack", "LimitedSizeStack\LimitedSizeStack.csproj", "{38181845-7439-451A-BC6E-1DB5C403D168}"
EndProject
Project("{FAE04EC0-301F-11D3-BF4B-00C04F79EFBC}") = "Clones", "ClonesExcercise\Clones.csproj", "{7A1C49BA-A936-44CB-B6C9-A28953D325FE}"
EndProject
Project("{FAE04EC0-301F-11D3-BF4B-00C04F79EFBC}") = "yield_return", "IEnumerable\yield_return.csproj", "{C088479D-412E-4ABA-99A8-2DD5FA8064A1}"
EndProject
Project("{FAE04EC0-301F-11D3-BF4B-00C04F79EFBC}") = "yield-return-smooth", "Smooth\yield-return-smooth.csproj", "{BA12A5CD-FF42-4D24-AB0A-2458B8A70FAC}"
EndProject
Project("{FAE04EC0-301F-11D3-BF4B-00C04F79EFBC}") = "Списки и словари", "Списки и словари\Списки и словари.csproj", "{CD21C45F-EE06-4569-8C06-E72334A595C2}"
EndProject
Project("{FAE04EC0-301F-11D3-BF4B-00C04F79EFBC}") = "hashes-readonly-bytes", "ReadonlyBytes\hashes-readonly-bytes.csproj", "{7972F620-5846-42A6-AC4C-EDE3FB4C5940}"
EndProject
Project("{FAE04EC0-301F-11D3-BF4B-00C04F79EFBC}") = "hashes-ghosts", "ghosts\hashes-ghosts.csproj", "{AEE430F3-E372-45CD-AB2E-224CB3678CB3}"
EndProject
Project("{FAE04EC0-301F-11D3-BF4B-00C04F79EFBC}") = "Делегаты", "Делегаты\Делегаты.csproj", "{821449AB-1390-4513-B10B-C6210AC83232}"
EndProject
Project("{FAE04EC0-301F-11D3-BF4B-00C04F79EFBC}") = "func-brainfuck", "brainfuck\func-brainfuck.csproj", "{4952B70C-9974-4E05-AC3B-A86596A0C537}"
EndProject
Project("{FAE04EC0-301F-11D3-BF4B-00C04F79EFBC}") = "LINQ", "LINQ\LINQ.csproj", "{AD0F102E-555B-4FF6-A66A-906900036578}"
EndProject
Project("{FAE04EC0-301F-11D3-BF4B-00C04F79EFBC}") = "func-rocket", "rocket\func-rocket.csproj", "{AD58B561-3113-4159-9C32-F9BAAF4EB6CA}"
EndProject
Global
	GlobalSection(SolutionConfigurationPlatforms) = preSolution
		Debug|Any CPU = Debug|Any CPU
		Release|Any CPU = Release|Any CPU
	EndGlobalSection
	GlobalSection(ProjectConfigurationPlatforms) = postSolution
		{C1474BD4-647A-4BBF-A0F9-D8C736AD1D43}.Debug|Any CPU.ActiveCfg = Debug|Any CPU
		{C1474BD4-647A-4BBF-A0F9-D8C736AD1D43}.Debug|Any CPU.Build.0 = Debug|Any CPU
		{C1474BD4-647A-4BBF-A0F9-D8C736AD1D43}.Release|Any CPU.ActiveCfg = Release|Any CPU
		{C1474BD4-647A-4BBF-A0F9-D8C736AD1D43}.Release|Any CPU.Build.0 = Release|Any CPU
		{41AA3DE4-FA8F-42E6-B62E-E4FADAB620CC}.Debug|Any CPU.ActiveCfg = Debug|Any CPU
		{41AA3DE4-FA8F-42E6-B62E-E4FADAB620CC}.Debug|Any CPU.Build.0 = Debug|Any CPU
		{41AA3DE4-FA8F-42E6-B62E-E4FADAB620CC}.Release|Any CPU.ActiveCfg = Release|Any CPU
		{41AA3DE4-FA8F-42E6-B62E-E4FADAB620CC}.Release|Any CPU.Build.0 = Release|Any CPU
		{B5C3C1F1-630A-44D2-8932-3C5C194D5158}.Debug|Any CPU.ActiveCfg = Debug|Any CPU
		{B5C3C1F1-630A-44D2-8932-3C5C194D5158}.Debug|Any CPU.Build.0 = Debug|Any CPU
		{B5C3C1F1-630A-44D2-8932-3C5C194D5158}.Release|Any CPU.ActiveCfg = Release|Any CPU
		{B5C3C1F1-630A-44D2-8932-3C5C194D5158}.Release|Any CPU.Build.0 = Release|Any CPU
		{2BBBDBBF-0FFF-4DCA-9201-DF3AC888A743}.Debug|Any CPU.ActiveCfg = Debug|Any CPU
		{2BBBDBBF-0FFF-4DCA-9201-DF3AC888A743}.Debug|Any CPU.Build.0 = Debug|Any CPU
		{2BBBDBBF-0FFF-4DCA-9201-DF3AC888A743}.Release|Any CPU.ActiveCfg = Release|Any CPU
		{2BBBDBBF-0FFF-4DCA-9201-DF3AC888A743}.Release|Any CPU.Build.0 = Release|Any CPU
		{E57C2EAD-EC20-4F63-831A-CF5C67EF8A86}.Debug|Any CPU.ActiveCfg = Debug|Any CPU
		{E57C2EAD-EC20-4F63-831A-CF5C67EF8A86}.Debug|Any CPU.Build.0 = Debug|Any CPU
		{E57C2EAD-EC20-4F63-831A-CF5C67EF8A86}.Release|Any CPU.ActiveCfg = Release|Any CPU
		{E57C2EAD-EC20-4F63-831A-CF5C67EF8A86}.Release|Any CPU.Build.0 = Release|Any CPU
		{3F4A129C-5DD0-4213-8751-C75FFE492BC9}.Debug|Any CPU.ActiveCfg = Debug|Any CPU
		{3F4A129C-5DD0-4213-8751-C75FFE492BC9}.Debug|Any CPU.Build.0 = Debug|Any CPU
		{3F4A129C-5DD0-4213-8751-C75FFE492BC9}.Release|Any CPU.ActiveCfg = Release|Any CPU
		{3F4A129C-5DD0-4213-8751-C75FFE492BC9}.Release|Any CPU.Build.0 = Release|Any CPU
		{FD1AF50D-D340-4B0E-8E03-68E7CDFB7AF2}.Debug|Any CPU.ActiveCfg = Debug|Any CPU
		{FD1AF50D-D340-4B0E-8E03-68E7CDFB7AF2}.Debug|Any CPU.Build.0 = Debug|Any CPU
		{FD1AF50D-D340-4B0E-8E03-68E7CDFB7AF2}.Release|Any CPU.ActiveCfg = Release|Any CPU
		{FD1AF50D-D340-4B0E-8E03-68E7CDFB7AF2}.Release|Any CPU.Build.0 = Release|Any CPU
		{53D2D999-22F8-4362-AF3E-D9F0AA9505C6}.Debug|Any CPU.ActiveCfg = Debug|Any CPU
		{53D2D999-22F8-4362-AF3E-D9F0AA9505C6}.Debug|Any CPU.Build.0 = Debug|Any CPU
		{53D2D999-22F8-4362-AF3E-D9F0AA9505C6}.Release|Any CPU.ActiveCfg = Release|Any CPU
		{53D2D999-22F8-4362-AF3E-D9F0AA9505C6}.Release|Any CPU.Build.0 = Release|Any CPU
		{38181845-7439-451A-BC6E-1DB5C403D168}.Debug|Any CPU.ActiveCfg = Debug|Any CPU
		{38181845-7439-451A-BC6E-1DB5C403D168}.Debug|Any CPU.Build.0 = Debug|Any CPU
		{38181845-7439-451A-BC6E-1DB5C403D168}.Release|Any CPU.ActiveCfg = Release|Any CPU
		{38181845-7439-451A-BC6E-1DB5C403D168}.Release|Any CPU.Build.0 = Release|Any CPU
		{7A1C49BA-A936-44CB-B6C9-A28953D325FE}.Debug|Any CPU.ActiveCfg = Debug|Any CPU
		{7A1C49BA-A936-44CB-B6C9-A28953D325FE}.Debug|Any CPU.Build.0 = Debug|Any CPU
		{7A1C49BA-A936-44CB-B6C9-A28953D325FE}.Release|Any CPU.ActiveCfg = Release|Any CPU
		{7A1C49BA-A936-44CB-B6C9-A28953D325FE}.Release|Any CPU.Build.0 = Release|Any CPU
		{C088479D-412E-4ABA-99A8-2DD5FA8064A1}.Debug|Any CPU.ActiveCfg = Debug|Any CPU
		{C088479D-412E-4ABA-99A8-2DD5FA8064A1}.Debug|Any CPU.Build.0 = Debug|Any CPU
		{C088479D-412E-4ABA-99A8-2DD5FA8064A1}.Release|Any CPU.ActiveCfg = Release|Any CPU
		{C088479D-412E-4ABA-99A8-2DD5FA8064A1}.Release|Any CPU.Build.0 = Release|Any CPU
		{BA12A5CD-FF42-4D24-AB0A-2458B8A70FAC}.Debug|Any CPU.ActiveCfg = Debug|Any CPU
		{BA12A5CD-FF42-4D24-AB0A-2458B8A70FAC}.Debug|Any CPU.Build.0 = Debug|Any CPU
		{BA12A5CD-FF42-4D24-AB0A-2458B8A70FAC}.Release|Any CPU.ActiveCfg = Release|Any CPU
		{BA12A5CD-FF42-4D24-AB0A-2458B8A70FAC}.Release|Any CPU.Build.0 = Release|Any CPU
		{CD21C45F-EE06-4569-8C06-E72334A595C2}.Debug|Any CPU.ActiveCfg = Debug|Any CPU
		{CD21C45F-EE06-4569-8C06-E72334A595C2}.Debug|Any CPU.Build.0 = Debug|Any CPU
		{CD21C45F-EE06-4569-8C06-E72334A595C2}.Release|Any CPU.ActiveCfg = Release|Any CPU
		{CD21C45F-EE06-4569-8C06-E72334A595C2}.Release|Any CPU.Build.0 = Release|Any CPU
		{7972F620-5846-42A6-AC4C-EDE3FB4C5940}.Debug|Any CPU.ActiveCfg = Debug|Any CPU
		{7972F620-5846-42A6-AC4C-EDE3FB4C5940}.Debug|Any CPU.Build.0 = Debug|Any CPU
		{7972F620-5846-42A6-AC4C-EDE3FB4C5940}.Release|Any CPU.ActiveCfg = Release|Any CPU
		{7972F620-5846-42A6-AC4C-EDE3FB4C5940}.Release|Any CPU.Build.0 = Release|Any CPU
		{AEE430F3-E372-45CD-AB2E-224CB3678CB3}.Debug|Any CPU.ActiveCfg = Debug|Any CPU
		{AEE430F3-E372-45CD-AB2E-224CB3678CB3}.Debug|Any CPU.Build.0 = Debug|Any CPU
		{AEE430F3-E372-45CD-AB2E-224CB3678CB3}.Release|Any CPU.ActiveCfg = Release|Any CPU
		{AEE430F3-E372-45CD-AB2E-224CB3678CB3}.Release|Any CPU.Build.0 = Release|Any CPU
		{821449AB-1390-4513-B10B-C6210AC83232}.Debug|Any CPU.ActiveCfg = Debug|Any CPU
		{821449AB-1390-4513-B10B-C6210AC83232}.Debug|Any CPU.Build.0 = Debug|Any CPU
		{821449AB-1390-4513-B10B-C6210AC83232}.Release|Any CPU.ActiveCfg = Release|Any CPU
		{821449AB-1390-4513-B10B-C6210AC83232}.Release|Any CPU.Build.0 = Release|Any CPU
		{4952B70C-9974-4E05-AC3B-A86596A0C537}.Debug|Any CPU.ActiveCfg = Debug|Any CPU
		{4952B70C-9974-4E05-AC3B-A86596A0C537}.Debug|Any CPU.Build.0 = Debug|Any CPU
		{4952B70C-9974-4E05-AC3B-A86596A0C537}.Release|Any CPU.ActiveCfg = Release|Any CPU
		{4952B70C-9974-4E05-AC3B-A86596A0C537}.Release|Any CPU.Build.0 = Release|Any CPU
		{AD0F102E-555B-4FF6-A66A-906900036578}.Debug|Any CPU.ActiveCfg = Debug|Any CPU
		{AD0F102E-555B-4FF6-A66A-906900036578}.Debug|Any CPU.Build.0 = Debug|Any CPU
		{AD0F102E-555B-4FF6-A66A-906900036578}.Release|Any CPU.ActiveCfg = Release|Any CPU
		{AD0F102E-555B-4FF6-A66A-906900036578}.Release|Any CPU.Build.0 = Release|Any CPU
		{AD58B561-3113-4159-9C32-F9BAAF4EB6CA}.Debug|Any CPU.ActiveCfg = Debug|Any CPU
		{AD58B561-3113-4159-9C32-F9BAAF4EB6CA}.Debug|Any CPU.Build.0 = Debug|Any CPU
		{AD58B561-3113-4159-9C32-F9BAAF4EB6CA}.Release|Any CPU.ActiveCfg = Release|Any CPU
		{AD58B561-3113-4159-9C32-F9BAAF4EB6CA}.Release|Any CPU.Build.0 = Release|Any CPU
	EndGlobalSection
	GlobalSection(SolutionProperties) = preSolution
		HideSolutionNode = FALSE
	EndGlobalSection
	GlobalSection(ExtensibilityGlobals) = postSolution
		SolutionGuid = {937D657E-EE4D-44B8-BF1D-17BB0D36CF39}
	EndGlobalSection
EndGlobal
